
Microsoft Visual Studio Solution File, Format Version 12.00
# Visual Studio Version 17
VisualStudioVersion = 17.5.002.0
MinimumVisualStudioVersion = 10.0.40219.1
Project("{9A19103F-16F7-4668-BE54-9A1E7A4F7556}") = "TokenGeneratorLambda", "TokenGeneratorLambda.csproj", "{415EE039-DB42-4401-BD33-3000ED0CDB56}"
EndProject
Global
	GlobalSection(SolutionConfigurationPlatforms) = preSolution
		Debug|Any CPU = Debug|Any CPU
		Release|Any CPU = Release|Any CPU
	EndGlobalSection
	GlobalSection(ProjectConfigurationPlatforms) = postSolution
		{415EE039-DB42-4401-BD33-3000ED0CDB56}.Debug|Any CPU.ActiveCfg = Debug|Any CPU
		{415EE039-DB42-4401-BD33-3000ED0CDB56}.Debug|Any CPU.Build.0 = Debug|Any CPU
		{415EE039-DB42-4401-BD33-3000ED0CDB56}.Release|Any CPU.ActiveCfg = Release|Any CPU
		{415EE039-DB42-4401-BD33-3000ED0CDB56}.Release|Any CPU.Build.0 = Release|Any CPU
	EndGlobalSection
	GlobalSection(SolutionProperties) = preSolution
		HideSolutionNode = FALSE
	EndGlobalSection
	GlobalSection(ExtensibilityGlobals) = postSolution
		SolutionGuid = {E75C06E0-4B95-4759-9F83-6ABF95F1CC85}
	EndGlobalSection
EndGlobal
